
Microsoft Visual Studio Solution File, Format Version 12.00
# Visual Studio 14
VisualStudioVersion = 14.0.25420.1
MinimumVisualStudioVersion = 10.0.40219.1
Project("{8BB2217D-0F2D-49D1-97BC-3654ED321F3B}") = "Arke", "Arke\Arke.xproj", "{1489B560-3E8A-4B55-8605-BDAAF2DB0FC9}"
EndProject
Global
	GlobalSection(SolutionConfigurationPlatforms) = preSolution
		Debug|Any CPU = Debug|Any CPU
		Release|Any CPU = Release|Any CPU
	EndGlobalSection
	GlobalSection(ProjectConfigurationPlatforms) = postSolution
		{1489B560-3E8A-4B55-8605-BDAAF2DB0FC9}.Debug|Any CPU.ActiveCfg = Debug|Any CPU
		{1489B560-3E8A-4B55-8605-BDAAF2DB0FC9}.Debug|Any CPU.Build.0 = Debug|Any CPU
		{1489B560-3E8A-4B55-8605-BDAAF2DB0FC9}.Release|Any CPU.ActiveCfg = Release|Any CPU
		{1489B560-3E8A-4B55-8605-BDAAF2DB0FC9}.Release|Any CPU.Build.0 = Release|Any CPU
	EndGlobalSection
	GlobalSection(SolutionProperties) = preSolution
		HideSolutionNode = FALSE
	EndGlobalSection
EndGlobal
